
Microsoft Visual Studio Solution File, Format Version 12.00
# Visual Studio Version 17
VisualStudioVersion = 17.11.35312.102
MinimumVisualStudioVersion = 10.0.40219.1
Project("{9A19103F-16F7-4668-BE54-9A1E7A4F7556}") = "SwiftPos", "SwiftPos\SwiftPos.csproj", "{F84A46FE-0E98-4DC2-BD9B-614009E02B96}"
EndProject
Global
	GlobalSection(SolutionConfigurationPlatforms) = preSolution
		Debug|Any CPU = Debug|Any CPU
		Release|Any CPU = Release|Any CPU
	EndGlobalSection
	GlobalSection(ProjectConfigurationPlatforms) = postSolution
		{F84A46FE-0E98-4DC2-BD9B-614009E02B96}.Debug|Any CPU.ActiveCfg = Debug|Any CPU
		{F84A46FE-0E98-4DC2-BD9B-614009E02B96}.Debug|Any CPU.Build.0 = Debug|Any CPU
		{F84A46FE-0E98-4DC2-BD9B-614009E02B96}.Release|Any CPU.ActiveCfg = Release|Any CPU
		{F84A46FE-0E98-4DC2-BD9B-614009E02B96}.Release|Any CPU.Build.0 = Release|Any CPU
	EndGlobalSection
	GlobalSection(SolutionProperties) = preSolution
		HideSolutionNode = FALSE
	EndGlobalSection
	GlobalSection(ExtensibilityGlobals) = postSolution
		SolutionGuid = {9B5CBDCC-E6C2-414E-AF99-9CB34FF7E96D}
	EndGlobalSection
EndGlobal
